
Microsoft Visual Studio Solution File, Format Version 12.00
# Visual Studio Version 17
VisualStudioVersion = 17.7.34024.191
MinimumVisualStudioVersion = 10.0.40219.1
Project("{FAE04EC0-301F-11D3-BF4B-00C04F79EFBC}") = "AGSR", "AGSR\AGSR.csproj", "{DC540DF2-B8CA-4CD8-B620-E0C52C587210}"
EndProject
Project("{FAE04EC0-301F-11D3-BF4B-00C04F79EFBC}") = "AGSR.DataLayer", "AGSR.DataLayer\AGSR.DataLayer.csproj", "{B785F025-7AB5-4766-9992-B0B51EDE8F2A}"
EndProject
Project("{FAE04EC0-301F-11D3-BF4B-00C04F79EFBC}") = "AGSR.Common", "AGSR.Common\AGSR.Common.csproj", "{C977079B-AB2C-4DE9-A6C2-08827BFEA628}"
EndProject
Project("{FAE04EC0-301F-11D3-BF4B-00C04F79EFBC}") = "AGSR.Console", "AGSR.Console\AGSR.Console.csproj", "{D2CB7321-32A6-414C-8401-50F49BBCCDE1}"
EndProject
Global
	GlobalSection(SolutionConfigurationPlatforms) = preSolution
		Debug|Any CPU = Debug|Any CPU
		Release|Any CPU = Release|Any CPU
	EndGlobalSection
	GlobalSection(ProjectConfigurationPlatforms) = postSolution
		{DC540DF2-B8CA-4CD8-B620-E0C52C587210}.Debug|Any CPU.ActiveCfg = Debug|Any CPU
		{DC540DF2-B8CA-4CD8-B620-E0C52C587210}.Debug|Any CPU.Build.0 = Debug|Any CPU
		{DC540DF2-B8CA-4CD8-B620-E0C52C587210}.Release|Any CPU.ActiveCfg = Release|Any CPU
		{DC540DF2-B8CA-4CD8-B620-E0C52C587210}.Release|Any CPU.Build.0 = Release|Any CPU
		{B785F025-7AB5-4766-9992-B0B51EDE8F2A}.Debug|Any CPU.ActiveCfg = Debug|Any CPU
		{B785F025-7AB5-4766-9992-B0B51EDE8F2A}.Debug|Any CPU.Build.0 = Debug|Any CPU
		{B785F025-7AB5-4766-9992-B0B51EDE8F2A}.Release|Any CPU.ActiveCfg = Release|Any CPU
		{B785F025-7AB5-4766-9992-B0B51EDE8F2A}.Release|Any CPU.Build.0 = Release|Any CPU
		{C977079B-AB2C-4DE9-A6C2-08827BFEA628}.Debug|Any CPU.ActiveCfg = Debug|Any CPU
		{C977079B-AB2C-4DE9-A6C2-08827BFEA628}.Debug|Any CPU.Build.0 = Debug|Any CPU
		{C977079B-AB2C-4DE9-A6C2-08827BFEA628}.Release|Any CPU.ActiveCfg = Release|Any CPU
		{C977079B-AB2C-4DE9-A6C2-08827BFEA628}.Release|Any CPU.Build.0 = Release|Any CPU
		{D2CB7321-32A6-414C-8401-50F49BBCCDE1}.Debug|Any CPU.ActiveCfg = Debug|Any CPU
		{D2CB7321-32A6-414C-8401-50F49BBCCDE1}.Debug|Any CPU.Build.0 = Debug|Any CPU
		{D2CB7321-32A6-414C-8401-50F49BBCCDE1}.Release|Any CPU.ActiveCfg = Release|Any CPU
		{D2CB7321-32A6-414C-8401-50F49BBCCDE1}.Release|Any CPU.Build.0 = Release|Any CPU
	EndGlobalSection
	GlobalSection(SolutionProperties) = preSolution
		HideSolutionNode = FALSE
	EndGlobalSection
	GlobalSection(ExtensibilityGlobals) = postSolution
		SolutionGuid = {803D1527-A664-4277-9675-13E55C229CC7}
	EndGlobalSection
EndGlobal
